// !$*UTF8*$!
{
	archiveVersion = 1;
	classes = {
	};
	objectVersion = 50;
	objects = {

/* Begin PBXBuildFile section */
		AC42E5C33584816F53F90A40 /* Pods_breakpoint.framework in Frameworks */ = {isa = PBXBuildFile; fileRef = 0120B52A5C5C7EF69C3CEEE0 /* Pods_breakpoint.framework */; };
		AE57AA0A20DC1BBE00369E18 /* FeedCell.swift in Sources */ = {isa = PBXBuildFile; fileRef = AE57AA0920DC1BBE00369E18 /* FeedCell.swift */; };
		AE57AA0C20DC29FA00369E18 /* Message.swift in Sources */ = {isa = PBXBuildFile; fileRef = AE57AA0B20DC29FA00369E18 /* Message.swift */; };
		AE652BEE20DE26AA00B84FB0 /* Group.swift in Sources */ = {isa = PBXBuildFile; fileRef = AE652BED20DE26AA00B84FB0 /* Group.swift */; };
		AE9D451820DD2C370023B8AB /* CreateGroupsVC.swift in Sources */ = {isa = PBXBuildFile; fileRef = AE9D451720DD2C370023B8AB /* CreateGroupsVC.swift */; };
		AE9D451A20DD39650023B8AB /* UserCell.swift in Sources */ = {isa = PBXBuildFile; fileRef = AE9D451920DD39650023B8AB /* UserCell.swift */; };
		AE9D451C20DD893B0023B8AB /* GroupCell.swift in Sources */ = {isa = PBXBuildFile; fileRef = AE9D451B20DD893B0023B8AB /* GroupCell.swift */; };
		AEEFFB9020DAA547009C63AF /* AppDelegate.swift in Sources */ = {isa = PBXBuildFile; fileRef = AEEFFB8F20DAA547009C63AF /* AppDelegate.swift */; };
		AEEFFB9220DAA547009C63AF /* FeedVC.swift in Sources */ = {isa = PBXBuildFile; fileRef = AEEFFB9120DAA547009C63AF /* FeedVC.swift */; };
		AEEFFB9420DAA547009C63AF /* GroupsVC.swift in Sources */ = {isa = PBXBuildFile; fileRef = AEEFFB9320DAA547009C63AF /* GroupsVC.swift */; };
		AEEFFB9720DAA547009C63AF /* Main.storyboard in Resources */ = {isa = PBXBuildFile; fileRef = AEEFFB9520DAA547009C63AF /* Main.storyboard */; };
		AEEFFB9920DAA548009C63AF /* Assets.xcassets in Resources */ = {isa = PBXBuildFile; fileRef = AEEFFB9820DAA548009C63AF /* Assets.xcassets */; };
		AEEFFB9C20DAA548009C63AF /* LaunchScreen.storyboard in Resources */ = {isa = PBXBuildFile; fileRef = AEEFFB9A20DAA548009C63AF /* LaunchScreen.storyboard */; };
		AEEFFBAB20DAAD1A009C63AF /* GoogleService-Info.plist in Resources */ = {isa = PBXBuildFile; fileRef = AEEFFBAA20DAAD1A009C63AF /* GoogleService-Info.plist */; };
		AEEFFBAD20DAB86D009C63AF /* DataService.swift in Sources */ = {isa = PBXBuildFile; fileRef = AEEFFBAC20DAB86D009C63AF /* DataService.swift */; };
		AEEFFBAF20DADF56009C63AF /* AuthVC.swift in Sources */ = {isa = PBXBuildFile; fileRef = AEEFFBAE20DADF56009C63AF /* AuthVC.swift */; };
		AEEFFBB120DB640A009C63AF /* LoginVC.swift in Sources */ = {isa = PBXBuildFile; fileRef = AEEFFBB020DB640A009C63AF /* LoginVC.swift */; };
		AEEFFBB320DB6480009C63AF /* InsetTextField.swift in Sources */ = {isa = PBXBuildFile; fileRef = AEEFFBB220DB6480009C63AF /* InsetTextField.swift */; };
		AEEFFBB520DB6B56009C63AF /* ShadowView.swift in Sources */ = {isa = PBXBuildFile; fileRef = AEEFFBB420DB6B56009C63AF /* ShadowView.swift */; };
		AEEFFBB720DB72FB009C63AF /* AuthService.swift in Sources */ = {isa = PBXBuildFile; fileRef = AEEFFBB620DB72FB009C63AF /* AuthService.swift */; };
		AEEFFBB920DBB3C9009C63AF /* MeVC.swift in Sources */ = {isa = PBXBuildFile; fileRef = AEEFFBB820DBB3C9009C63AF /* MeVC.swift */; };
		AEEFFBBB20DBCB85009C63AF /* CreatePostVC.swift in Sources */ = {isa = PBXBuildFile; fileRef = AEEFFBBA20DBCB85009C63AF /* CreatePostVC.swift */; };
		AEEFFBBD20DBFC0C009C63AF /* UIViewExt.swift in Sources */ = {isa = PBXBuildFile; fileRef = AEEFFBBC20DBFC0C009C63AF /* UIViewExt.swift */; };
/* End PBXBuildFile section */

/* Begin PBXFileReference section */
		0120B52A5C5C7EF69C3CEEE0 /* Pods_breakpoint.framework */ = {isa = PBXFileReference; explicitFileType = wrapper.framework; includeInIndex = 0; path = Pods_breakpoint.framework; sourceTree = BUILT_PRODUCTS_DIR; };
		3F03029804CBF653F93C2711 /* Pods-breakpoint.release.xcconfig */ = {isa = PBXFileReference; includeInIndex = 1; lastKnownFileType = text.xcconfig; name = "Pods-breakpoint.release.xcconfig"; path = "Pods/Target Support Files/Pods-breakpoint/Pods-breakpoint.release.xcconfig"; sourceTree = "<group>"; };
		4896C23F54EB9D48A48AC10D /* Pods-breakpoint.debug.xcconfig */ = {isa = PBXFileReference; includeInIndex = 1; lastKnownFileType = text.xcconfig; name = "Pods-breakpoint.debug.xcconfig"; path = "Pods/Target Support Files/Pods-breakpoint/Pods-breakpoint.debug.xcconfig"; sourceTree = "<group>"; };
		AE57AA0920DC1BBE00369E18 /* FeedCell.swift */ = {isa = PBXFileReference; lastKnownFileType = sourcecode.swift; path = FeedCell.swift; sourceTree = "<group>"; };
		AE57AA0B20DC29FA00369E18 /* Message.swift */ = {isa = PBXFileReference; lastKnownFileType = sourcecode.swift; path = Message.swift; sourceTree = "<group>"; };
		AE652BED20DE26AA00B84FB0 /* Group.swift */ = {isa = PBXFileReference; lastKnownFileType = sourcecode.swift; path = Group.swift; sourceTree = "<group>"; };
		AE9D451720DD2C370023B8AB /* CreateGroupsVC.swift */ = {isa = PBXFileReference; lastKnownFileType = sourcecode.swift; path = CreateGroupsVC.swift; sourceTree = "<group>"; };
		AE9D451920DD39650023B8AB /* UserCell.swift */ = {isa = PBXFileReference; lastKnownFileType = sourcecode.swift; path = UserCell.swift; sourceTree = "<group>"; };
		AE9D451B20DD893B0023B8AB /* GroupCell.swift */ = {isa = PBXFileReference; lastKnownFileType = sourcecode.swift; path = GroupCell.swift; sourceTree = "<group>"; };
		AEEFFB8C20DAA547009C63AF /* breakpoint.app */ = {isa = PBXFileReference; explicitFileType = wrapper.application; includeInIndex = 0; path = breakpoint.app; sourceTree = BUILT_PRODUCTS_DIR; };
		AEEFFB8F20DAA547009C63AF /* AppDelegate.swift */ = {isa = PBXFileReference; lastKnownFileType = sourcecode.swift; path = AppDelegate.swift; sourceTree = "<group>"; };
		AEEFFB9120DAA547009C63AF /* FeedVC.swift */ = {isa = PBXFileReference; lastKnownFileType = sourcecode.swift; path = FeedVC.swift; sourceTree = "<group>"; };
		AEEFFB9320DAA547009C63AF /* GroupsVC.swift */ = {isa = PBXFileReference; lastKnownFileType = sourcecode.swift; path = GroupsVC.swift; sourceTree = "<group>"; };
		AEEFFB9620DAA547009C63AF /* Base */ = {isa = PBXFileReference; lastKnownFileType = file.storyboard; name = Base; path = Base.lproj/Main.storyboard; sourceTree = "<group>"; };
		AEEFFB9820DAA548009C63AF /* Assets.xcassets */ = {isa = PBXFileReference; lastKnownFileType = folder.assetcatalog; path = Assets.xcassets; sourceTree = "<group>"; };
		AEEFFB9B20DAA548009C63AF /* Base */ = {isa = PBXFileReference; lastKnownFileType = file.storyboard; name = Base; path = Base.lproj/LaunchScreen.storyboard; sourceTree = "<group>"; };
		AEEFFB9D20DAA548009C63AF /* Info.plist */ = {isa = PBXFileReference; lastKnownFileType = text.plist.xml; path = Info.plist; sourceTree = "<group>"; };
		AEEFFBAA20DAAD1A009C63AF /* GoogleService-Info.plist */ = {isa = PBXFileReference; fileEncoding = 4; lastKnownFileType = text.plist.xml; path = "GoogleService-Info.plist"; sourceTree = "<group>"; };
		AEEFFBAC20DAB86D009C63AF /* DataService.swift */ = {isa = PBXFileReference; lastKnownFileType = sourcecode.swift; path = DataService.swift; sourceTree = "<group>"; };
		AEEFFBAE20DADF56009C63AF /* AuthVC.swift */ = {isa = PBXFileReference; lastKnownFileType = sourcecode.swift; path = AuthVC.swift; sourceTree = "<group>"; };
		AEEFFBB020DB640A009C63AF /* LoginVC.swift */ = {isa = PBXFileReference; lastKnownFileType = sourcecode.swift; path = LoginVC.swift; sourceTree = "<group>"; };
		AEEFFBB220DB6480009C63AF /* InsetTextField.swift */ = {isa = PBXFileReference; lastKnownFileType = sourcecode.swift; path = InsetTextField.swift; sourceTree = "<group>"; };
		AEEFFBB420DB6B56009C63AF /* ShadowView.swift */ = {isa = PBXFileReference; lastKnownFileType = sourcecode.swift; path = ShadowView.swift; sourceTree = "<group>"; };
		AEEFFBB620DB72FB009C63AF /* AuthService.swift */ = {isa = PBXFileReference; lastKnownFileType = sourcecode.swift; path = AuthService.swift; sourceTree = "<group>"; };
		AEEFFBB820DBB3C9009C63AF /* MeVC.swift */ = {isa = PBXFileReference; lastKnownFileType = sourcecode.swift; path = MeVC.swift; sourceTree = "<group>"; };
		AEEFFBBA20DBCB85009C63AF /* CreatePostVC.swift */ = {isa = PBXFileReference; lastKnownFileType = sourcecode.swift; path = CreatePostVC.swift; sourceTree = "<group>"; };
		AEEFFBBC20DBFC0C009C63AF /* UIViewExt.swift */ = {isa = PBXFileReference; lastKnownFileType = sourcecode.swift; path = UIViewExt.swift; sourceTree = "<group>"; };
/* End PBXFileReference section */

/* Begin PBXFrameworksBuildPhase section */
		AEEFFB8920DAA547009C63AF /* Frameworks */ = {
			isa = PBXFrameworksBuildPhase;
			buildActionMask = 2147483647;
			files = (
				AC42E5C33584816F53F90A40 /* Pods_breakpoint.framework in Frameworks */,
			);
			runOnlyForDeploymentPostprocessing = 0;
		};
/* End PBXFrameworksBuildPhase section */

/* Begin PBXGroup section */
		351E81DD5CE4AB0FA9B75C47 /* Frameworks */ = {
			isa = PBXGroup;
			children = (
				0120B52A5C5C7EF69C3CEEE0 /* Pods_breakpoint.framework */,
			);
			name = Frameworks;
			sourceTree = "<group>";
		};
		A609B450D47B7E068102B3DA /* Pods */ = {
			isa = PBXGroup;
			children = (
				4896C23F54EB9D48A48AC10D /* Pods-breakpoint.debug.xcconfig */,
				3F03029804CBF653F93C2711 /* Pods-breakpoint.release.xcconfig */,
			);
			name = Pods;
			sourceTree = "<group>";
		};
		AEEFFB8320DAA547009C63AF = {
			isa = PBXGroup;
			children = (
				AEEFFB8E20DAA547009C63AF /* breakpoint */,
				AEEFFB8D20DAA547009C63AF /* Products */,
				A609B450D47B7E068102B3DA /* Pods */,
				351E81DD5CE4AB0FA9B75C47 /* Frameworks */,
			);
			sourceTree = "<group>";
		};
		AEEFFB8D20DAA547009C63AF /* Products */ = {
			isa = PBXGroup;
			children = (
				AEEFFB8C20DAA547009C63AF /* breakpoint.app */,
			);
			name = Products;
			sourceTree = "<group>";
		};
		AEEFFB8E20DAA547009C63AF /* breakpoint */ = {
			isa = PBXGroup;
			children = (
				AEEFFBA720DAA775009C63AF /* Services */,
				AEEFFBA620DAA768009C63AF /* Extensions */,
				AEEFFBA520DAA760009C63AF /* Model */,
				AEEFFBA420DAA755009C63AF /* View */,
				AEEFFBA320DAA743009C63AF /* Controller */,
				AEEFFB8F20DAA547009C63AF /* AppDelegate.swift */,
				AEEFFB9520DAA547009C63AF /* Main.storyboard */,
				AEEFFB9820DAA548009C63AF /* Assets.xcassets */,
				AEEFFB9A20DAA548009C63AF /* LaunchScreen.storyboard */,
				AEEFFB9D20DAA548009C63AF /* Info.plist */,
				AEEFFBAA20DAAD1A009C63AF /* GoogleService-Info.plist */,
			);
			path = breakpoint;
			sourceTree = "<group>";
		};
		AEEFFBA320DAA743009C63AF /* Controller */ = {
			isa = PBXGroup;
			children = (
				AEEFFB9120DAA547009C63AF /* FeedVC.swift */,
				AEEFFB9320DAA547009C63AF /* GroupsVC.swift */,
				AEEFFBAE20DADF56009C63AF /* AuthVC.swift */,
				AEEFFBB020DB640A009C63AF /* LoginVC.swift */,
				AEEFFBB820DBB3C9009C63AF /* MeVC.swift */,
				AEEFFBBA20DBCB85009C63AF /* CreatePostVC.swift */,
				AE9D451720DD2C370023B8AB /* CreateGroupsVC.swift */,
			);
			path = Controller;
			sourceTree = "<group>";
		};
		AEEFFBA420DAA755009C63AF /* View */ = {
			isa = PBXGroup;
			children = (
				AEEFFBB220DB6480009C63AF /* InsetTextField.swift */,
				AEEFFBB420DB6B56009C63AF /* ShadowView.swift */,
				AE57AA0920DC1BBE00369E18 /* FeedCell.swift */,
				AE9D451920DD39650023B8AB /* UserCell.swift */,
				AE9D451B20DD893B0023B8AB /* GroupCell.swift */,
			);
			path = View;
			sourceTree = "<group>";
		};
		AEEFFBA520DAA760009C63AF /* Model */ = {
			isa = PBXGroup;
			children = (
				AE57AA0B20DC29FA00369E18 /* Message.swift */,
				AE652BED20DE26AA00B84FB0 /* Group.swift */,
			);
			path = Model;
			sourceTree = "<group>";
		};
		AEEFFBA620DAA768009C63AF /* Extensions */ = {
			isa = PBXGroup;
			children = (
				AEEFFBBC20DBFC0C009C63AF /* UIViewExt.swift */,
			);
			path = Extensions;
			sourceTree = "<group>";
		};
		AEEFFBA720DAA775009C63AF /* Services */ = {
			isa = PBXGroup;
			children = (
				AEEFFBAC20DAB86D009C63AF /* DataService.swift */,
				AEEFFBB620DB72FB009C63AF /* AuthService.swift */,
			);
			path = Services;
			sourceTree = "<group>";
		};
/* End PBXGroup section */

/* Begin PBXNativeTarget section */
		AEEFFB8B20DAA547009C63AF /* breakpoint */ = {
			isa = PBXNativeTarget;
			buildConfigurationList = AEEFFBA020DAA548009C63AF /* Build configuration list for PBXNativeTarget "breakpoint" */;
			buildPhases = (
				47EF769538C5651BFF610879 /* [CP] Check Pods Manifest.lock */,
				AEEFFB8820DAA547009C63AF /* Sources */,
				AEEFFB8920DAA547009C63AF /* Frameworks */,
				AEEFFB8A20DAA547009C63AF /* Resources */,
				BD2A65A73ADA708BD38432B6 /* [CP] Embed Pods Frameworks */,
				F0D062F443B34A3B0F93BD1E /* [CP] Copy Pods Resources */,
			);
			buildRules = (
			);
			dependencies = (
			);
			name = breakpoint;
			productName = breakpoint;
			productReference = AEEFFB8C20DAA547009C63AF /* breakpoint.app */;
			productType = "com.apple.product-type.application";
		};
/* End PBXNativeTarget section */

/* Begin PBXProject section */
		AEEFFB8420DAA547009C63AF /* Project object */ = {
			isa = PBXProject;
			attributes = {
				LastSwiftUpdateCheck = 0930;
				LastUpgradeCheck = 0930;
				ORGANIZATIONNAME = "Araz Sinjary";
				TargetAttributes = {
					AEEFFB8B20DAA547009C63AF = {
						CreatedOnToolsVersion = 9.3.1;
					};
				};
			};
			buildConfigurationList = AEEFFB8720DAA547009C63AF /* Build configuration list for PBXProject "breakpoint" */;
			compatibilityVersion = "Xcode 9.3";
			developmentRegion = en;
			hasScannedForEncodings = 0;
			knownRegions = (
				en,
				Base,
			);
			mainGroup = AEEFFB8320DAA547009C63AF;
			productRefGroup = AEEFFB8D20DAA547009C63AF /* Products */;
			projectDirPath = "";
			projectRoot = "";
			targets = (
				AEEFFB8B20DAA547009C63AF /* breakpoint */,
			);
		};
/* End PBXProject section */

/* Begin PBXResourcesBuildPhase section */
		AEEFFB8A20DAA547009C63AF /* Resources */ = {
			isa = PBXResourcesBuildPhase;
			buildActionMask = 2147483647;
			files = (
				AEEFFB9C20DAA548009C63AF /* LaunchScreen.storyboard in Resources */,
				AEEFFBAB20DAAD1A009C63AF /* GoogleService-Info.plist in Resources */,
				AEEFFB9920DAA548009C63AF /* Assets.xcassets in Resources */,
				AEEFFB9720DAA547009C63AF /* Main.storyboard in Resources */,
			);
			runOnlyForDeploymentPostprocessing = 0;
		};
/* End PBXResourcesBuildPhase section */

/* Begin PBXShellScriptBuildPhase section */
		47EF769538C5651BFF610879 /* [CP] Check Pods Manifest.lock */ = {
			isa = PBXShellScriptBuildPhase;
			buildActionMask = 2147483647;
			files = (
			);
			inputPaths = (
				"${PODS_PODFILE_DIR_PATH}/Podfile.lock",
				"${PODS_ROOT}/Manifest.lock",
			);
			name = "[CP] Check Pods Manifest.lock";
			outputPaths = (
				"$(DERIVED_FILE_DIR)/Pods-breakpoint-checkManifestLockResult.txt",
			);
			runOnlyForDeploymentPostprocessing = 0;
			shellPath = /bin/sh;
			shellScript = "diff \"${PODS_PODFILE_DIR_PATH}/Podfile.lock\" \"${PODS_ROOT}/Manifest.lock\" > /dev/null\nif [ $? != 0 ] ; then\n    # print error to STDERR\n    echo \"error: The sandbox is not in sync with the Podfile.lock. Run 'pod install' or update your CocoaPods installation.\" >&2\n    exit 1\nfi\n# This output is used by Xcode 'outputs' to avoid re-running this script phase.\necho \"SUCCESS\" > \"${SCRIPT_OUTPUT_FILE_0}\"\n";
			showEnvVarsInLog = 0;
		};
		BD2A65A73ADA708BD38432B6 /* [CP] Embed Pods Frameworks */ = {
			isa = PBXShellScriptBuildPhase;
			buildActionMask = 2147483647;
			files = (
			);
			inputPaths = (
				"${SRCROOT}/Pods/Target Support Files/Pods-breakpoint/Pods-breakpoint-frameworks.sh",
				"${BUILT_PRODUCTS_DIR}/GTMSessionFetcher/GTMSessionFetcher.framework",
				"${BUILT_PRODUCTS_DIR}/GoogleToolboxForMac/GoogleToolboxForMac.framework",
				"${BUILT_PRODUCTS_DIR}/leveldb-library/leveldb.framework",
				"${BUILT_PRODUCTS_DIR}/nanopb/nanopb.framework",
			);
			name = "[CP] Embed Pods Frameworks";
			outputPaths = (
				"${TARGET_BUILD_DIR}/${FRAMEWORKS_FOLDER_PATH}/GTMSessionFetcher.framework",
				"${TARGET_BUILD_DIR}/${FRAMEWORKS_FOLDER_PATH}/GoogleToolboxForMac.framework",
				"${TARGET_BUILD_DIR}/${FRAMEWORKS_FOLDER_PATH}/leveldb.framework",
				"${TARGET_BUILD_DIR}/${FRAMEWORKS_FOLDER_PATH}/nanopb.framework",
			);
			runOnlyForDeploymentPostprocessing = 0;
			shellPath = /bin/sh;
			shellScript = "\"${SRCROOT}/Pods/Target Support Files/Pods-breakpoint/Pods-breakpoint-frameworks.sh\"\n";
			showEnvVarsInLog = 0;
		};
		F0D062F443B34A3B0F93BD1E /* [CP] Copy Pods Resources */ = {
			isa = PBXShellScriptBuildPhase;
			buildActionMask = 2147483647;
			files = (
			);
			inputPaths = (
			);
			name = "[CP] Copy Pods Resources";
			outputPaths = (
			);
			runOnlyForDeploymentPostprocessing = 0;
			shellPath = /bin/sh;
			shellScript = "\"${SRCROOT}/Pods/Target Support Files/Pods-breakpoint/Pods-breakpoint-resources.sh\"\n";
			showEnvVarsInLog = 0;
		};
/* End PBXShellScriptBuildPhase section */

/* Begin PBXSourcesBuildPhase section */
		AEEFFB8820DAA547009C63AF /* Sources */ = {
			isa = PBXSourcesBuildPhase;
			buildActionMask = 2147483647;
			files = (
				AEEFFBBD20DBFC0C009C63AF /* UIViewExt.swift in Sources */,
				AE57AA0A20DC1BBE00369E18 /* FeedCell.swift in Sources */,
				AEEFFBB920DBB3C9009C63AF /* MeVC.swift in Sources */,
				AE9D451C20DD893B0023B8AB /* GroupCell.swift in Sources */,
				AEEFFBAF20DADF56009C63AF /* AuthVC.swift in Sources */,
				AEEFFB9420DAA547009C63AF /* GroupsVC.swift in Sources */,
				AEEFFBB120DB640A009C63AF /* LoginVC.swift in Sources */,
				AEEFFBB720DB72FB009C63AF /* AuthService.swift in Sources */,
				AE9D451820DD2C370023B8AB /* CreateGroupsVC.swift in Sources */,
				AE652BEE20DE26AA00B84FB0 /* Group.swift in Sources */,
				AE9D451A20DD39650023B8AB /* UserCell.swift in Sources */,
				AEEFFB9020DAA547009C63AF /* AppDelegate.swift in Sources */,
				AEEFFBB520DB6B56009C63AF /* ShadowView.swift in Sources */,
				AEEFFBBB20DBCB85009C63AF /* CreatePostVC.swift in Sources */,
				AEEFFB9220DAA547009C63AF /* FeedVC.swift in Sources */,
				AEEFFBB320DB6480009C63AF /* InsetTextField.swift in Sources */,
				AEEFFBAD20DAB86D009C63AF /* DataService.swift in Sources */,
				AE57AA0C20DC29FA00369E18 /* Message.swift in Sources */,
			);
			runOnlyForDeploymentPostprocessing = 0;
		};
/* End PBXSourcesBuildPhase section */

/* Begin PBXVariantGroup section */
		AEEFFB9520DAA547009C63AF /* Main.storyboard */ = {
			isa = PBXVariantGroup;
			children = (
				AEEFFB9620DAA547009C63AF /* Base */,
			);
			name = Main.storyboard;
			sourceTree = "<group>";
		};
		AEEFFB9A20DAA548009C63AF /* LaunchScreen.storyboard */ = {
			isa = PBXVariantGroup;
			children = (
				AEEFFB9B20DAA548009C63AF /* Base */,
			);
			name = LaunchScreen.storyboard;
			sourceTree = "<group>";
		};
/* End PBXVariantGroup section */

/* Begin XCBuildConfiguration section */
		AEEFFB9E20DAA548009C63AF /* Debug */ = {
			isa = XCBuildConfiguration;
			buildSettings = {
				ALWAYS_SEARCH_USER_PATHS = NO;
				CLANG_ANALYZER_NONNULL = YES;
				CLANG_ANALYZER_NUMBER_OBJECT_CONVERSION = YES_AGGRESSIVE;
				CLANG_CXX_LANGUAGE_STANDARD = "gnu++14";
				CLANG_CXX_LIBRARY = "libc++";
				CLANG_ENABLE_MODULES = YES;
				CLANG_ENABLE_OBJC_ARC = YES;
				CLANG_ENABLE_OBJC_WEAK = YES;
				CLANG_WARN_BLOCK_CAPTURE_AUTORELEASING = YES;
				CLANG_WARN_BOOL_CONVERSION = YES;
				CLANG_WARN_COMMA = YES;
				CLANG_WARN_CONSTANT_CONVERSION = YES;
				CLANG_WARN_DEPRECATED_OBJC_IMPLEMENTATIONS = YES;
				CLANG_WARN_DIRECT_OBJC_ISA_USAGE = YES_ERROR;
				CLANG_WARN_DOCUMENTATION_COMMENTS = YES;
				CLANG_WARN_EMPTY_BODY = YES;
				CLANG_WARN_ENUM_CONVERSION = YES;
				CLANG_WARN_INFINITE_RECURSION = YES;
				CLANG_WARN_INT_CONVERSION = YES;
				CLANG_WARN_NON_LITERAL_NULL_CONVERSION = YES;
				CLANG_WARN_OBJC_IMPLICIT_RETAIN_SELF = YES;
				CLANG_WARN_OBJC_LITERAL_CONVERSION = YES;
				CLANG_WARN_OBJC_ROOT_CLASS = YES_ERROR;
				CLANG_WARN_RANGE_LOOP_ANALYSIS = YES;
				CLANG_WARN_STRICT_PROTOTYPES = YES;
				CLANG_WARN_SUSPICIOUS_MOVE = YES;
				CLANG_WARN_UNGUARDED_AVAILABILITY = YES_AGGRESSIVE;
				CLANG_WARN_UNREACHABLE_CODE = YES;
				CLANG_WARN__DUPLICATE_METHOD_MATCH = YES;
				CODE_SIGN_IDENTITY = "iPhone Developer";
				COPY_PHASE_STRIP = NO;
				DEBUG_INFORMATION_FORMAT = dwarf;
				ENABLE_STRICT_OBJC_MSGSEND = YES;
				ENABLE_TESTABILITY = YES;
				GCC_C_LANGUAGE_STANDARD = gnu11;
				GCC_DYNAMIC_NO_PIC = NO;
				GCC_NO_COMMON_BLOCKS = YES;
				GCC_OPTIMIZATION_LEVEL = 0;
				GCC_PREPROCESSOR_DEFINITIONS = (
					"DEBUG=1",
					"$(inherited)",
				);
				GCC_WARN_64_TO_32_BIT_CONVERSION = YES;
				GCC_WARN_ABOUT_RETURN_TYPE = YES_ERROR;
				GCC_WARN_UNDECLARED_SELECTOR = YES;
				GCC_WARN_UNINITIALIZED_AUTOS = YES_AGGRESSIVE;
				GCC_WARN_UNUSED_FUNCTION = YES;
				GCC_WARN_UNUSED_VARIABLE = YES;
				IPHONEOS_DEPLOYMENT_TARGET = 11.3;
				MTL_ENABLE_DEBUG_INFO = YES;
				ONLY_ACTIVE_ARCH = YES;
				SDKROOT = iphoneos;
				SWIFT_ACTIVE_COMPILATION_CONDITIONS = DEBUG;
				SWIFT_OPTIMIZATION_LEVEL = "-Onone";
			};
			name = Debug;
		};
		AEEFFB9F20DAA548009C63AF /* Release */ = {
			isa = XCBuildConfiguration;
			buildSettings = {
				ALWAYS_SEARCH_USER_PATHS = NO;
				CLANG_ANALYZER_NONNULL = YES;
				CLANG_ANALYZER_NUMBER_OBJECT_CONVERSION = YES_AGGRESSIVE;
				CLANG_CXX_LANGUAGE_STANDARD = "gnu++14";
				CLANG_CXX_LIBRARY = "libc++";
				CLANG_ENABLE_MODULES = YES;
				CLANG_ENABLE_OBJC_ARC = YES;
				CLANG_ENABLE_OBJC_WEAK = YES;
				CLANG_WARN_BLOCK_CAPTURE_AUTORELEASING = YES;
				CLANG_WARN_BOOL_CONVERSION = YES;
				CLANG_WARN_COMMA = YES;
				CLANG_WARN_CONSTANT_CONVERSION = YES;
				CLANG_WARN_DEPRECATED_OBJC_IMPLEMENTATIONS = YES;
				CLANG_WARN_DIRECT_OBJC_ISA_USAGE = YES_ERROR;
				CLANG_WARN_DOCUMENTATION_COMMENTS = YES;
				CLANG_WARN_EMPTY_BODY = YES;
				CLANG_WARN_ENUM_CONVERSION = YES;
				CLANG_WARN_INFINITE_RECURSION = YES;
				CLANG_WARN_INT_CONVERSION = YES;
				CLANG_WARN_NON_LITERAL_NULL_CONVERSION = YES;
				CLANG_WARN_OBJC_IMPLICIT_RETAIN_SELF = YES;
				CLANG_WARN_OBJC_LITERAL_CONVERSION = YES;
				CLANG_WARN_OBJC_ROOT_CLASS = YES_ERROR;
				CLANG_WARN_RANGE_LOOP_ANALYSIS = YES;
				CLANG_WARN_STRICT_PROTOTYPES = YES;
				CLANG_WARN_SUSPICIOUS_MOVE = YES;
				CLANG_WARN_UNGUARDED_AVAILABILITY = YES_AGGRESSIVE;
				CLANG_WARN_UNREACHABLE_CODE = YES;
				CLANG_WARN__DUPLICATE_METHOD_MATCH = YES;
				CODE_SIGN_IDENTITY = "iPhone Developer";
				COPY_PHASE_STRIP = NO;
				DEBUG_INFORMATION_FORMAT = "dwarf-with-dsym";
				ENABLE_NS_ASSERTIONS = NO;
				ENABLE_STRICT_OBJC_MSGSEND = YES;
				GCC_C_LANGUAGE_STANDARD = gnu11;
				GCC_NO_COMMON_BLOCKS = YES;
				GCC_WARN_64_TO_32_BIT_CONVERSION = YES;
				GCC_WARN_ABOUT_RETURN_TYPE = YES_ERROR;
				GCC_WARN_UNDECLARED_SELECTOR = YES;
				GCC_WARN_UNINITIALIZED_AUTOS = YES_AGGRESSIVE;
				GCC_WARN_UNUSED_FUNCTION = YES;
				GCC_WARN_UNUSED_VARIABLE = YES;
				IPHONEOS_DEPLOYMENT_TARGET = 11.3;
				MTL_ENABLE_DEBUG_INFO = NO;
				SDKROOT = iphoneos;
				SWIFT_COMPILATION_MODE = wholemodule;
				SWIFT_OPTIMIZATION_LEVEL = "-O";
				VALIDATE_PRODUCT = YES;
			};
			name = Release;
		};
		AEEFFBA120DAA548009C63AF /* Debug */ = {
			isa = XCBuildConfiguration;
			baseConfigurationReference = 4896C23F54EB9D48A48AC10D /* Pods-breakpoint.debug.xcconfig */;
			buildSettings = {
				ASSETCATALOG_COMPILER_APPICON_NAME = AppIcon;
				CODE_SIGN_STYLE = Automatic;
				DEVELOPMENT_TEAM = X3HSH3HTMU;
				INFOPLIST_FILE = breakpoint/Info.plist;
				LD_RUNPATH_SEARCH_PATHS = (
					"$(inherited)",
					"@executable_path/Frameworks",
				);
				PRODUCT_BUNDLE_IDENTIFIER = com.arazsinjary.breakpoint;
				PRODUCT_NAME = "$(TARGET_NAME)";
				SWIFT_VERSION = 4.0;
				TARGETED_DEVICE_FAMILY = "1,2";
			};
			name = Debug;
		};
		AEEFFBA220DAA548009C63AF /* Release */ = {
			isa = XCBuildConfiguration;
			baseConfigurationReference = 3F03029804CBF653F93C2711 /* Pods-breakpoint.release.xcconfig */;
			buildSettings = {
				ASSETCATALOG_COMPILER_APPICON_NAME = AppIcon;
				CODE_SIGN_STYLE = Automatic;
				DEVELOPMENT_TEAM = X3HSH3HTMU;
				INFOPLIST_FILE = breakpoint/Info.plist;
				LD_RUNPATH_SEARCH_PATHS = (
					"$(inherited)",
					"@executable_path/Frameworks",
				);
				PRODUCT_BUNDLE_IDENTIFIER = com.arazsinjary.breakpoint;
				PRODUCT_NAME = "$(TARGET_NAME)";
				SWIFT_VERSION = 4.0;
				TARGETED_DEVICE_FAMILY = "1,2";
			};
			name = Release;
		};
/* End XCBuildConfiguration section */

/* Begin XCConfigurationList section */
		AEEFFB8720DAA547009C63AF /* Build configuration list for PBXProject "breakpoint" */ = {
			isa = XCConfigurationList;
			buildConfigurations = (
				AEEFFB9E20DAA548009C63AF /* Debug */,
				AEEFFB9F20DAA548009C63AF /* Release */,
			);
			defaultConfigurationIsVisible = 0;
			defaultConfigurationName = Release;
		};
		AEEFFBA020DAA548009C63AF /* Build configuration list for PBXNativeTarget "breakpoint" */ = {
			isa = XCConfigurationList;
			buildConfigurations = (
				AEEFFBA120DAA548009C63AF /* Debug */,
				AEEFFBA220DAA548009C63AF /* Release */,
			);
			defaultConfigurationIsVisible = 0;
			defaultConfigurationName = Release;
		};
/* End XCConfigurationList section */
	};
	rootObject = AEEFFB8420DAA547009C63AF /* Project object */;
}
